// !$*UTF8*$!
{
	archiveVersion = 1;
	classes = {
	};
	objectVersion = 46;
	objects = {

/* Begin PBXBuildFile section */
		01E572786DF837A154E8290B /* Pods_MeetTheTeam.framework in Frameworks */ = {isa = PBXBuildFile; fileRef = 672527854B4478E8C9250E7D /* Pods_MeetTheTeam.framework */; };
		13D2118B140B29070C7CEB82 /* Pods_MeetTheTeamUITests.framework in Frameworks */ = {isa = PBXBuildFile; fileRef = E7CD7C59805C4BFB72AB7170 /* Pods_MeetTheTeamUITests.framework */; };
		8EF4EEB44BC5FD34F48391AA /* Pods_MeetTheTeamTests.framework in Frameworks */ = {isa = PBXBuildFile; fileRef = 5B628C6D20C62D26E215FCD7 /* Pods_MeetTheTeamTests.framework */; };
		C57C82E21E6B64B000E658A0 /* MTTMainTableViewCell.swift in Sources */ = {isa = PBXBuildFile; fileRef = C57C82E11E6B64B000E658A0 /* MTTMainTableViewCell.swift */; };
		C57C82E41E6B65CB00E658A0 /* MTTMainViewController+TableView.swift in Sources */ = {isa = PBXBuildFile; fileRef = C57C82E31E6B65CB00E658A0 /* MTTMainViewController+TableView.swift */; };
		C57C82E81E6B676200E658A0 /* MTTConstants.swift in Sources */ = {isa = PBXBuildFile; fileRef = C57C82E71E6B676200E658A0 /* MTTConstants.swift */; };
		C57C82EC1E6B86DE00E658A0 /* AvatarRoundImageView.swift in Sources */ = {isa = PBXBuildFile; fileRef = C57C82EB1E6B86DE00E658A0 /* AvatarRoundImageView.swift */; };
		C59180021E6B415200BAD62D /* AppDelegate.swift in Sources */ = {isa = PBXBuildFile; fileRef = C59180011E6B415200BAD62D /* AppDelegate.swift */; };
		C591800A1E6B415200BAD62D /* MeetTheTeam.xcdatamodeld in Sources */ = {isa = PBXBuildFile; fileRef = C59180081E6B415200BAD62D /* MeetTheTeam.xcdatamodeld */; };
		C591800C1E6B415200BAD62D /* Assets.xcassets in Resources */ = {isa = PBXBuildFile; fileRef = C591800B1E6B415200BAD62D /* Assets.xcassets */; };
		C591801A1E6B415200BAD62D /* MeetTheTeamTests.swift in Sources */ = {isa = PBXBuildFile; fileRef = C59180191E6B415200BAD62D /* MeetTheTeamTests.swift */; };
		C59180251E6B415200BAD62D /* MeetTheTeamUITests.swift in Sources */ = {isa = PBXBuildFile; fileRef = C59180241E6B415200BAD62D /* MeetTheTeamUITests.swift */; };
		C59180331E6B421700BAD62D /* MTTMainViewController.swift in Sources */ = {isa = PBXBuildFile; fileRef = C59180321E6B421700BAD62D /* MTTMainViewController.swift */; };
		C59180391E6B42AE00BAD62D /* MTTNavigationController.swift in Sources */ = {isa = PBXBuildFile; fileRef = C59180381E6B42AE00BAD62D /* MTTNavigationController.swift */; };
		C591804A1E6B508200BAD62D /* MTTMember.swift in Sources */ = {isa = PBXBuildFile; fileRef = C59180491E6B508200BAD62D /* MTTMember.swift */; };
		C591804D1E6B528700BAD62D /* team.json in Resources */ = {isa = PBXBuildFile; fileRef = C591804C1E6B528700BAD62D /* team.json */; };
		C591804F1E6B62EB00BAD62D /* LaunchScreen.storyboard in Resources */ = {isa = PBXBuildFile; fileRef = C591804E1E6B62EB00BAD62D /* LaunchScreen.storyboard */; };
/* End PBXBuildFile section */

/* Begin PBXContainerItemProxy section */
		C59180161E6B415200BAD62D /* PBXContainerItemProxy */ = {
			isa = PBXContainerItemProxy;
			containerPortal = C5917FF61E6B415100BAD62D /* Project object */;
			proxyType = 1;
			remoteGlobalIDString = C5917FFD1E6B415200BAD62D;
			remoteInfo = MeetTheTeam;
		};
		C59180211E6B415200BAD62D /* PBXContainerItemProxy */ = {
			isa = PBXContainerItemProxy;
			containerPortal = C5917FF61E6B415100BAD62D /* Project object */;
			proxyType = 1;
			remoteGlobalIDString = C5917FFD1E6B415200BAD62D;
			remoteInfo = MeetTheTeam;
		};
/* End PBXContainerItemProxy section */

/* Begin PBXFileReference section */
		04D0E4DDB93E452670358CF3 /* Pods-MeetTheTeam.release.xcconfig */ = {isa = PBXFileReference; includeInIndex = 1; lastKnownFileType = text.xcconfig; name = "Pods-MeetTheTeam.release.xcconfig"; path = "Pods/Target Support Files/Pods-MeetTheTeam/Pods-MeetTheTeam.release.xcconfig"; sourceTree = "<group>"; };
		0F63712A1B60A87E94E79477 /* Pods-MeetTheTeamTests.debug.xcconfig */ = {isa = PBXFileReference; includeInIndex = 1; lastKnownFileType = text.xcconfig; name = "Pods-MeetTheTeamTests.debug.xcconfig"; path = "Pods/Target Support Files/Pods-MeetTheTeamTests/Pods-MeetTheTeamTests.debug.xcconfig"; sourceTree = "<group>"; };
		1F004BB3B79E747AE526E7AC /* Pods-MeetTheTeamUITests.release.xcconfig */ = {isa = PBXFileReference; includeInIndex = 1; lastKnownFileType = text.xcconfig; name = "Pods-MeetTheTeamUITests.release.xcconfig"; path = "Pods/Target Support Files/Pods-MeetTheTeamUITests/Pods-MeetTheTeamUITests.release.xcconfig"; sourceTree = "<group>"; };
		5B628C6D20C62D26E215FCD7 /* Pods_MeetTheTeamTests.framework */ = {isa = PBXFileReference; explicitFileType = wrapper.framework; includeInIndex = 0; path = Pods_MeetTheTeamTests.framework; sourceTree = BUILT_PRODUCTS_DIR; };
		672527854B4478E8C9250E7D /* Pods_MeetTheTeam.framework */ = {isa = PBXFileReference; explicitFileType = wrapper.framework; includeInIndex = 0; path = Pods_MeetTheTeam.framework; sourceTree = BUILT_PRODUCTS_DIR; };
		9F62B790CACA2A27951CAA0F /* Pods-MeetTheTeam.debug.xcconfig */ = {isa = PBXFileReference; includeInIndex = 1; lastKnownFileType = text.xcconfig; name = "Pods-MeetTheTeam.debug.xcconfig"; path = "Pods/Target Support Files/Pods-MeetTheTeam/Pods-MeetTheTeam.debug.xcconfig"; sourceTree = "<group>"; };
		B3194D40770C6ABF7D219D7A /* Pods-MeetTheTeamUITests.debug.xcconfig */ = {isa = PBXFileReference; includeInIndex = 1; lastKnownFileType = text.xcconfig; name = "Pods-MeetTheTeamUITests.debug.xcconfig"; path = "Pods/Target Support Files/Pods-MeetTheTeamUITests/Pods-MeetTheTeamUITests.debug.xcconfig"; sourceTree = "<group>"; };
		C57C82E11E6B64B000E658A0 /* MTTMainTableViewCell.swift */ = {isa = PBXFileReference; fileEncoding = 4; lastKnownFileType = sourcecode.swift; path = MTTMainTableViewCell.swift; sourceTree = "<group>"; };
		C57C82E31E6B65CB00E658A0 /* MTTMainViewController+TableView.swift */ = {isa = PBXFileReference; fileEncoding = 4; lastKnownFileType = sourcecode.swift; path = "MTTMainViewController+TableView.swift"; sourceTree = "<group>"; };
		C57C82E71E6B676200E658A0 /* MTTConstants.swift */ = {isa = PBXFileReference; fileEncoding = 4; lastKnownFileType = sourcecode.swift; path = MTTConstants.swift; sourceTree = "<group>"; };
		C57C82EB1E6B86DE00E658A0 /* AvatarRoundImageView.swift */ = {isa = PBXFileReference; fileEncoding = 4; lastKnownFileType = sourcecode.swift; path = AvatarRoundImageView.swift; sourceTree = "<group>"; };
		C5917FFE1E6B415200BAD62D /* MeetTheTeam.app */ = {isa = PBXFileReference; explicitFileType = wrapper.application; includeInIndex = 0; path = MeetTheTeam.app; sourceTree = BUILT_PRODUCTS_DIR; };
		C59180011E6B415200BAD62D /* AppDelegate.swift */ = {isa = PBXFileReference; lastKnownFileType = sourcecode.swift; path = AppDelegate.swift; sourceTree = "<group>"; };
		C59180091E6B415200BAD62D /* MeetTheTeam.xcdatamodel */ = {isa = PBXFileReference; lastKnownFileType = wrapper.xcdatamodel; path = MeetTheTeam.xcdatamodel; sourceTree = "<group>"; };
		C591800B1E6B415200BAD62D /* Assets.xcassets */ = {isa = PBXFileReference; lastKnownFileType = folder.assetcatalog; path = Assets.xcassets; sourceTree = "<group>"; };
		C59180101E6B415200BAD62D /* Info.plist */ = {isa = PBXFileReference; lastKnownFileType = text.plist.xml; path = Info.plist; sourceTree = "<group>"; };
		C59180151E6B415200BAD62D /* MeetTheTeamTests.xctest */ = {isa = PBXFileReference; explicitFileType = wrapper.cfbundle; includeInIndex = 0; path = MeetTheTeamTests.xctest; sourceTree = BUILT_PRODUCTS_DIR; };
		C59180191E6B415200BAD62D /* MeetTheTeamTests.swift */ = {isa = PBXFileReference; lastKnownFileType = sourcecode.swift; path = MeetTheTeamTests.swift; sourceTree = "<group>"; };
		C591801B1E6B415200BAD62D /* Info.plist */ = {isa = PBXFileReference; lastKnownFileType = text.plist.xml; path = Info.plist; sourceTree = "<group>"; };
		C59180201E6B415200BAD62D /* MeetTheTeamUITests.xctest */ = {isa = PBXFileReference; explicitFileType = wrapper.cfbundle; includeInIndex = 0; path = MeetTheTeamUITests.xctest; sourceTree = BUILT_PRODUCTS_DIR; };
		C59180241E6B415200BAD62D /* MeetTheTeamUITests.swift */ = {isa = PBXFileReference; lastKnownFileType = sourcecode.swift; path = MeetTheTeamUITests.swift; sourceTree = "<group>"; };
		C59180261E6B415200BAD62D /* Info.plist */ = {isa = PBXFileReference; lastKnownFileType = text.plist.xml; path = Info.plist; sourceTree = "<group>"; };
		C59180321E6B421700BAD62D /* MTTMainViewController.swift */ = {isa = PBXFileReference; fileEncoding = 4; lastKnownFileType = sourcecode.swift; path = MTTMainViewController.swift; sourceTree = "<group>"; };
		C59180381E6B42AE00BAD62D /* MTTNavigationController.swift */ = {isa = PBXFileReference; fileEncoding = 4; lastKnownFileType = sourcecode.swift; path = MTTNavigationController.swift; sourceTree = "<group>"; };
		C59180491E6B508200BAD62D /* MTTMember.swift */ = {isa = PBXFileReference; fileEncoding = 4; lastKnownFileType = sourcecode.swift; path = MTTMember.swift; sourceTree = "<group>"; };
		C591804C1E6B528700BAD62D /* team.json */ = {isa = PBXFileReference; fileEncoding = 4; lastKnownFileType = text.json; path = team.json; sourceTree = "<group>"; };
		C591804E1E6B62EB00BAD62D /* LaunchScreen.storyboard */ = {isa = PBXFileReference; fileEncoding = 4; lastKnownFileType = file.storyboard; path = LaunchScreen.storyboard; sourceTree = "<group>"; };
		E7CD7C59805C4BFB72AB7170 /* Pods_MeetTheTeamUITests.framework */ = {isa = PBXFileReference; explicitFileType = wrapper.framework; includeInIndex = 0; path = Pods_MeetTheTeamUITests.framework; sourceTree = BUILT_PRODUCTS_DIR; };
		EB3B07B9CCE6ED40C095380A /* Pods-MeetTheTeamTests.release.xcconfig */ = {isa = PBXFileReference; includeInIndex = 1; lastKnownFileType = text.xcconfig; name = "Pods-MeetTheTeamTests.release.xcconfig"; path = "Pods/Target Support Files/Pods-MeetTheTeamTests/Pods-MeetTheTeamTests.release.xcconfig"; sourceTree = "<group>"; };
/* End PBXFileReference section */

/* Begin PBXFrameworksBuildPhase section */
		C5917FFB1E6B415200BAD62D /* Frameworks */ = {
			isa = PBXFrameworksBuildPhase;
			buildActionMask = 2147483647;
			files = (
				01E572786DF837A154E8290B /* Pods_MeetTheTeam.framework in Frameworks */,
			);
			runOnlyForDeploymentPostprocessing = 0;
		};
		C59180121E6B415200BAD62D /* Frameworks */ = {
			isa = PBXFrameworksBuildPhase;
			buildActionMask = 2147483647;
			files = (
				8EF4EEB44BC5FD34F48391AA /* Pods_MeetTheTeamTests.framework in Frameworks */,
			);
			runOnlyForDeploymentPostprocessing = 0;
		};
		C591801D1E6B415200BAD62D /* Frameworks */ = {
			isa = PBXFrameworksBuildPhase;
			buildActionMask = 2147483647;
			files = (
				13D2118B140B29070C7CEB82 /* Pods_MeetTheTeamUITests.framework in Frameworks */,
			);
			runOnlyForDeploymentPostprocessing = 0;
		};
/* End PBXFrameworksBuildPhase section */

/* Begin PBXGroup section */
		087BB7D28924D01DFF65A0A5 /* Frameworks */ = {
			isa = PBXGroup;
			children = (
				672527854B4478E8C9250E7D /* Pods_MeetTheTeam.framework */,
				5B628C6D20C62D26E215FCD7 /* Pods_MeetTheTeamTests.framework */,
				E7CD7C59805C4BFB72AB7170 /* Pods_MeetTheTeamUITests.framework */,
			);
			name = Frameworks;
			sourceTree = "<group>";
		};
		C57C82DE1E6B646200E658A0 /* MTTMain TableView */ = {
			isa = PBXGroup;
			children = (
				C57C82E31E6B65CB00E658A0 /* MTTMainViewController+TableView.swift */,
				C57C82E11E6B64B000E658A0 /* MTTMainTableViewCell.swift */,
				C57C82EB1E6B86DE00E658A0 /* AvatarRoundImageView.swift */,
			);
			name = "MTTMain TableView";
			sourceTree = "<group>";
		};
		C5917FF51E6B415100BAD62D = {
			isa = PBXGroup;
			children = (
				C59180001E6B415200BAD62D /* MeetTheTeam */,
				C59180181E6B415200BAD62D /* MeetTheTeamTests */,
				C59180231E6B415200BAD62D /* MeetTheTeamUITests */,
				C5917FFF1E6B415200BAD62D /* Products */,
				EE1BA8D4A44FB9AD7703D8C9 /* Pods */,
				087BB7D28924D01DFF65A0A5 /* Frameworks */,
			);
			sourceTree = "<group>";
		};
		C5917FFF1E6B415200BAD62D /* Products */ = {
			isa = PBXGroup;
			children = (
				C5917FFE1E6B415200BAD62D /* MeetTheTeam.app */,
				C59180151E6B415200BAD62D /* MeetTheTeamTests.xctest */,
				C59180201E6B415200BAD62D /* MeetTheTeamUITests.xctest */,
			);
			name = Products;
			sourceTree = "<group>";
		};
		C59180001E6B415200BAD62D /* MeetTheTeam */ = {
			isa = PBXGroup;
			children = (
				C59180011E6B415200BAD62D /* AppDelegate.swift */,
				C591804E1E6B62EB00BAD62D /* LaunchScreen.storyboard */,
				C591803A1E6B430F00BAD62D /* Utility */,
				C591803D1E6B463A00BAD62D /* Models */,
				C591803B1E6B43B800BAD62D /* Manager */,
				C59180351E6B424400BAD62D /* Navigation */,
				C59180341E6B421C00BAD62D /* Main View Controller */,
				C591803C1E6B458400BAD62D /* Profile View Controller */,
				C591804B1E6B526E00BAD62D /* Resources */,
				C591800B1E6B415200BAD62D /* Assets.xcassets */,
				C59180101E6B415200BAD62D /* Info.plist */,
				C59180081E6B415200BAD62D /* MeetTheTeam.xcdatamodeld */,
			);
			path = MeetTheTeam;
			sourceTree = "<group>";
		};
		C59180181E6B415200BAD62D /* MeetTheTeamTests */ = {
			isa = PBXGroup;
			children = (
				C59180191E6B415200BAD62D /* MeetTheTeamTests.swift */,
				C591801B1E6B415200BAD62D /* Info.plist */,
			);
			path = MeetTheTeamTests;
			sourceTree = "<group>";
		};
		C59180231E6B415200BAD62D /* MeetTheTeamUITests */ = {
			isa = PBXGroup;
			children = (
				C59180241E6B415200BAD62D /* MeetTheTeamUITests.swift */,
				C59180261E6B415200BAD62D /* Info.plist */,
			);
			path = MeetTheTeamUITests;
			sourceTree = "<group>";
		};
		C59180341E6B421C00BAD62D /* Main View Controller */ = {
			isa = PBXGroup;
			children = (
				C59180321E6B421700BAD62D /* MTTMainViewController.swift */,
				C57C82DE1E6B646200E658A0 /* MTTMain TableView */,
			);
			name = "Main View Controller";
			sourceTree = "<group>";
		};
		C59180351E6B424400BAD62D /* Navigation */ = {
			isa = PBXGroup;
			children = (
				C59180381E6B42AE00BAD62D /* MTTNavigationController.swift */,
			);
			name = Navigation;
			sourceTree = "<group>";
		};
		C591803A1E6B430F00BAD62D /* Utility */ = {
			isa = PBXGroup;
			children = (
				C57C82E71E6B676200E658A0 /* MTTConstants.swift */,
			);
			name = Utility;
			sourceTree = "<group>";
		};
		C591803B1E6B43B800BAD62D /* Manager */ = {
			isa = PBXGroup;
			children = (
			);
			name = Manager;
			sourceTree = "<group>";
		};
		C591803C1E6B458400BAD62D /* Profile View Controller */ = {
			isa = PBXGroup;
			children = (
			);
			name = "Profile View Controller";
			sourceTree = "<group>";
		};
		C591803D1E6B463A00BAD62D /* Models */ = {
			isa = PBXGroup;
			children = (
				C59180491E6B508200BAD62D /* MTTMember.swift */,
			);
			name = Models;
			sourceTree = "<group>";
		};
		C591804B1E6B526E00BAD62D /* Resources */ = {
			isa = PBXGroup;
			children = (
				C591804C1E6B528700BAD62D /* team.json */,
			);
			name = Resources;
			sourceTree = "<group>";
		};
		EE1BA8D4A44FB9AD7703D8C9 /* Pods */ = {
			isa = PBXGroup;
			children = (
				9F62B790CACA2A27951CAA0F /* Pods-MeetTheTeam.debug.xcconfig */,
				04D0E4DDB93E452670358CF3 /* Pods-MeetTheTeam.release.xcconfig */,
				0F63712A1B60A87E94E79477 /* Pods-MeetTheTeamTests.debug.xcconfig */,
				EB3B07B9CCE6ED40C095380A /* Pods-MeetTheTeamTests.release.xcconfig */,
				B3194D40770C6ABF7D219D7A /* Pods-MeetTheTeamUITests.debug.xcconfig */,
				1F004BB3B79E747AE526E7AC /* Pods-MeetTheTeamUITests.release.xcconfig */,
			);
			name = Pods;
			sourceTree = "<group>";
		};
/* End PBXGroup section */

/* Begin PBXNativeTarget section */
		C5917FFD1E6B415200BAD62D /* MeetTheTeam */ = {
			isa = PBXNativeTarget;
			buildConfigurationList = C59180291E6B415200BAD62D /* Build configuration list for PBXNativeTarget "MeetTheTeam" */;
			buildPhases = (
				B2F2D232B3898BACD3C86CDE /* [CP] Check Pods Manifest.lock */,
				C5917FFA1E6B415200BAD62D /* Sources */,
				C5917FFB1E6B415200BAD62D /* Frameworks */,
				C5917FFC1E6B415200BAD62D /* Resources */,
				F4328B8A2447ECCD487A6E44 /* [CP] Embed Pods Frameworks */,
				FCB70CD20D616DA6E884150C /* [CP] Copy Pods Resources */,
			);
			buildRules = (
			);
			dependencies = (
			);
			name = MeetTheTeam;
			productName = MeetTheTeam;
			productReference = C5917FFE1E6B415200BAD62D /* MeetTheTeam.app */;
			productType = "com.apple.product-type.application";
		};
		C59180141E6B415200BAD62D /* MeetTheTeamTests */ = {
			isa = PBXNativeTarget;
			buildConfigurationList = C591802C1E6B415200BAD62D /* Build configuration list for PBXNativeTarget "MeetTheTeamTests" */;
			buildPhases = (
				D19F4B4C2A5DC84E746D07AA /* [CP] Check Pods Manifest.lock */,
				C59180111E6B415200BAD62D /* Sources */,
				C59180121E6B415200BAD62D /* Frameworks */,
				C59180131E6B415200BAD62D /* Resources */,
				DF0B2B258037F33A1C25DF4B /* [CP] Embed Pods Frameworks */,
				935F2B8362ACD7D5FB661606 /* [CP] Copy Pods Resources */,
			);
			buildRules = (
			);
			dependencies = (
				C59180171E6B415200BAD62D /* PBXTargetDependency */,
			);
			name = MeetTheTeamTests;
			productName = MeetTheTeamTests;
			productReference = C59180151E6B415200BAD62D /* MeetTheTeamTests.xctest */;
			productType = "com.apple.product-type.bundle.unit-test";
		};
		C591801F1E6B415200BAD62D /* MeetTheTeamUITests */ = {
			isa = PBXNativeTarget;
			buildConfigurationList = C591802F1E6B415200BAD62D /* Build configuration list for PBXNativeTarget "MeetTheTeamUITests" */;
			buildPhases = (
				527EA98A66BA4B94EB74F75B /* [CP] Check Pods Manifest.lock */,
				C591801C1E6B415200BAD62D /* Sources */,
				C591801D1E6B415200BAD62D /* Frameworks */,
				C591801E1E6B415200BAD62D /* Resources */,
				809F026F0094D0128DCF3B5D /* [CP] Copy Pods Resources */,
			);
			buildRules = (
			);
			dependencies = (
				C59180221E6B415200BAD62D /* PBXTargetDependency */,
			);
			name = MeetTheTeamUITests;
			productName = MeetTheTeamUITests;
			productReference = C59180201E6B415200BAD62D /* MeetTheTeamUITests.xctest */;
			productType = "com.apple.product-type.bundle.ui-testing";
		};
/* End PBXNativeTarget section */

/* Begin PBXProject section */
		C5917FF61E6B415100BAD62D /* Project object */ = {
			isa = PBXProject;
			attributes = {
				LastSwiftUpdateCheck = 0820;
				LastUpgradeCheck = 0820;
				ORGANIZATIONNAME = MeetTheTeam;
				TargetAttributes = {
					C5917FFD1E6B415200BAD62D = {
						CreatedOnToolsVersion = 8.2;
						DevelopmentTeam = EDSHBZ68RZ;
						ProvisioningStyle = Automatic;
					};
					C59180141E6B415200BAD62D = {
						CreatedOnToolsVersion = 8.2;
						DevelopmentTeam = EDSHBZ68RZ;
						ProvisioningStyle = Automatic;
						TestTargetID = C5917FFD1E6B415200BAD62D;
					};
					C591801F1E6B415200BAD62D = {
						CreatedOnToolsVersion = 8.2;
						DevelopmentTeam = EDSHBZ68RZ;
						ProvisioningStyle = Automatic;
						TestTargetID = C5917FFD1E6B415200BAD62D;
					};
				};
			};
			buildConfigurationList = C5917FF91E6B415100BAD62D /* Build configuration list for PBXProject "MeetTheTeam" */;
			compatibilityVersion = "Xcode 3.2";
			developmentRegion = English;
			hasScannedForEncodings = 0;
			knownRegions = (
				en,
				Base,
			);
			mainGroup = C5917FF51E6B415100BAD62D;
			productRefGroup = C5917FFF1E6B415200BAD62D /* Products */;
			projectDirPath = "";
			projectRoot = "";
			targets = (
				C5917FFD1E6B415200BAD62D /* MeetTheTeam */,
				C59180141E6B415200BAD62D /* MeetTheTeamTests */,
				C591801F1E6B415200BAD62D /* MeetTheTeamUITests */,
			);
		};
/* End PBXProject section */

/* Begin PBXResourcesBuildPhase section */
		C5917FFC1E6B415200BAD62D /* Resources */ = {
			isa = PBXResourcesBuildPhase;
			buildActionMask = 2147483647;
			files = (
				C591804F1E6B62EB00BAD62D /* LaunchScreen.storyboard in Resources */,
				C591804D1E6B528700BAD62D /* team.json in Resources */,
				C591800C1E6B415200BAD62D /* Assets.xcassets in Resources */,
			);
			runOnlyForDeploymentPostprocessing = 0;
		};
		C59180131E6B415200BAD62D /* Resources */ = {
			isa = PBXResourcesBuildPhase;
			buildActionMask = 2147483647;
			files = (
			);
			runOnlyForDeploymentPostprocessing = 0;
		};
		C591801E1E6B415200BAD62D /* Resources */ = {
			isa = PBXResourcesBuildPhase;
			buildActionMask = 2147483647;
			files = (
			);
			runOnlyForDeploymentPostprocessing = 0;
		};
/* End PBXResourcesBuildPhase section */

/* Begin PBXShellScriptBuildPhase section */
		527EA98A66BA4B94EB74F75B /* [CP] Check Pods Manifest.lock */ = {
			isa = PBXShellScriptBuildPhase;
			buildActionMask = 2147483647;
			files = (
			);
			inputPaths = (
			);
			name = "[CP] Check Pods Manifest.lock";
			outputPaths = (
			);
			runOnlyForDeploymentPostprocessing = 0;
			shellPath = /bin/sh;
			shellScript = "diff \"${PODS_ROOT}/../Podfile.lock\" \"${PODS_ROOT}/Manifest.lock\" > /dev/null\nif [[ $? != 0 ]] ; then\n    cat << EOM\nerror: The sandbox is not in sync with the Podfile.lock. Run 'pod install' or update your CocoaPods installation.\nEOM\n    exit 1\nfi\n";
			showEnvVarsInLog = 0;
		};
		809F026F0094D0128DCF3B5D /* [CP] Copy Pods Resources */ = {
			isa = PBXShellScriptBuildPhase;
			buildActionMask = 2147483647;
			files = (
			);
			inputPaths = (
			);
			name = "[CP] Copy Pods Resources";
			outputPaths = (
			);
			runOnlyForDeploymentPostprocessing = 0;
			shellPath = /bin/sh;
			shellScript = "\"${SRCROOT}/Pods/Target Support Files/Pods-MeetTheTeamUITests/Pods-MeetTheTeamUITests-resources.sh\"\n";
			showEnvVarsInLog = 0;
		};
		935F2B8362ACD7D5FB661606 /* [CP] Copy Pods Resources */ = {
			isa = PBXShellScriptBuildPhase;
			buildActionMask = 2147483647;
			files = (
			);
			inputPaths = (
			);
			name = "[CP] Copy Pods Resources";
			outputPaths = (
			);
			runOnlyForDeploymentPostprocessing = 0;
			shellPath = /bin/sh;
			shellScript = "\"${SRCROOT}/Pods/Target Support Files/Pods-MeetTheTeamTests/Pods-MeetTheTeamTests-resources.sh\"\n";
			showEnvVarsInLog = 0;
		};
		B2F2D232B3898BACD3C86CDE /* [CP] Check Pods Manifest.lock */ = {
			isa = PBXShellScriptBuildPhase;
			buildActionMask = 2147483647;
			files = (
			);
			inputPaths = (
			);
			name = "[CP] Check Pods Manifest.lock";
			outputPaths = (
			);
			runOnlyForDeploymentPostprocessing = 0;
			shellPath = /bin/sh;
			shellScript = "diff \"${PODS_ROOT}/../Podfile.lock\" \"${PODS_ROOT}/Manifest.lock\" > /dev/null\nif [[ $? != 0 ]] ; then\n    cat << EOM\nerror: The sandbox is not in sync with the Podfile.lock. Run 'pod install' or update your CocoaPods installation.\nEOM\n    exit 1\nfi\n";
			showEnvVarsInLog = 0;
		};
		D19F4B4C2A5DC84E746D07AA /* [CP] Check Pods Manifest.lock */ = {
			isa = PBXShellScriptBuildPhase;
			buildActionMask = 2147483647;
			files = (
			);
			inputPaths = (
			);
			name = "[CP] Check Pods Manifest.lock";
			outputPaths = (
			);
			runOnlyForDeploymentPostprocessing = 0;
			shellPath = /bin/sh;
			shellScript = "diff \"${PODS_ROOT}/../Podfile.lock\" \"${PODS_ROOT}/Manifest.lock\" > /dev/null\nif [[ $? != 0 ]] ; then\n    cat << EOM\nerror: The sandbox is not in sync with the Podfile.lock. Run 'pod install' or update your CocoaPods installation.\nEOM\n    exit 1\nfi\n";
			showEnvVarsInLog = 0;
		};
		DF0B2B258037F33A1C25DF4B /* [CP] Embed Pods Frameworks */ = {
			isa = PBXShellScriptBuildPhase;
			buildActionMask = 2147483647;
			files = (
			);
			inputPaths = (
			);
			name = "[CP] Embed Pods Frameworks";
			outputPaths = (
			);
			runOnlyForDeploymentPostprocessing = 0;
			shellPath = /bin/sh;
			shellScript = "\"${SRCROOT}/Pods/Target Support Files/Pods-MeetTheTeamTests/Pods-MeetTheTeamTests-frameworks.sh\"\n";
			showEnvVarsInLog = 0;
		};
		F4328B8A2447ECCD487A6E44 /* [CP] Embed Pods Frameworks */ = {
			isa = PBXShellScriptBuildPhase;
			buildActionMask = 2147483647;
			files = (
			);
			inputPaths = (
			);
			name = "[CP] Embed Pods Frameworks";
			outputPaths = (
			);
			runOnlyForDeploymentPostprocessing = 0;
			shellPath = /bin/sh;
			shellScript = "\"${SRCROOT}/Pods/Target Support Files/Pods-MeetTheTeam/Pods-MeetTheTeam-frameworks.sh\"\n";
			showEnvVarsInLog = 0;
		};
		FCB70CD20D616DA6E884150C /* [CP] Copy Pods Resources */ = {
			isa = PBXShellScriptBuildPhase;
			buildActionMask = 2147483647;
			files = (
			);
			inputPaths = (
			);
			name = "[CP] Copy Pods Resources";
			outputPaths = (
			);
			runOnlyForDeploymentPostprocessing = 0;
			shellPath = /bin/sh;
			shellScript = "\"${SRCROOT}/Pods/Target Support Files/Pods-MeetTheTeam/Pods-MeetTheTeam-resources.sh\"\n";
			showEnvVarsInLog = 0;
		};
/* End PBXShellScriptBuildPhase section */

/* Begin PBXSourcesBuildPhase section */
		C5917FFA1E6B415200BAD62D /* Sources */ = {
			isa = PBXSourcesBuildPhase;
			buildActionMask = 2147483647;
			files = (
				C591804A1E6B508200BAD62D /* MTTMember.swift in Sources */,
				C57C82E41E6B65CB00E658A0 /* MTTMainViewController+TableView.swift in Sources */,
				C57C82E21E6B64B000E658A0 /* MTTMainTableViewCell.swift in Sources */,
				C59180021E6B415200BAD62D /* AppDelegate.swift in Sources */,
				C57C82E81E6B676200E658A0 /* MTTConstants.swift in Sources */,
				C59180391E6B42AE00BAD62D /* MTTNavigationController.swift in Sources */,
				C591800A1E6B415200BAD62D /* MeetTheTeam.xcdatamodeld in Sources */,
				C57C82EC1E6B86DE00E658A0 /* AvatarRoundImageView.swift in Sources */,
				C59180331E6B421700BAD62D /* MTTMainViewController.swift in Sources */,
			);
			runOnlyForDeploymentPostprocessing = 0;
		};
		C59180111E6B415200BAD62D /* Sources */ = {
			isa = PBXSourcesBuildPhase;
			buildActionMask = 2147483647;
			files = (
				C591801A1E6B415200BAD62D /* MeetTheTeamTests.swift in Sources */,
			);
			runOnlyForDeploymentPostprocessing = 0;
		};
		C591801C1E6B415200BAD62D /* Sources */ = {
			isa = PBXSourcesBuildPhase;
			buildActionMask = 2147483647;
			files = (
				C59180251E6B415200BAD62D /* MeetTheTeamUITests.swift in Sources */,
			);
			runOnlyForDeploymentPostprocessing = 0;
		};
/* End PBXSourcesBuildPhase section */

/* Begin PBXTargetDependency section */
		C59180171E6B415200BAD62D /* PBXTargetDependency */ = {
			isa = PBXTargetDependency;
			target = C5917FFD1E6B415200BAD62D /* MeetTheTeam */;
			targetProxy = C59180161E6B415200BAD62D /* PBXContainerItemProxy */;
		};
		C59180221E6B415200BAD62D /* PBXTargetDependency */ = {
			isa = PBXTargetDependency;
			target = C5917FFD1E6B415200BAD62D /* MeetTheTeam */;
			targetProxy = C59180211E6B415200BAD62D /* PBXContainerItemProxy */;
		};
/* End PBXTargetDependency section */

/* Begin XCBuildConfiguration section */
		C59180271E6B415200BAD62D /* Debug */ = {
			isa = XCBuildConfiguration;
			buildSettings = {
				ALWAYS_SEARCH_USER_PATHS = NO;
				CLANG_ANALYZER_NONNULL = YES;
				CLANG_CXX_LANGUAGE_STANDARD = "gnu++0x";
				CLANG_CXX_LIBRARY = "libc++";
				CLANG_ENABLE_MODULES = YES;
				CLANG_ENABLE_OBJC_ARC = YES;
				CLANG_WARN_BOOL_CONVERSION = YES;
				CLANG_WARN_CONSTANT_CONVERSION = YES;
				CLANG_WARN_DIRECT_OBJC_ISA_USAGE = YES_ERROR;
				CLANG_WARN_DOCUMENTATION_COMMENTS = YES;
				CLANG_WARN_EMPTY_BODY = YES;
				CLANG_WARN_ENUM_CONVERSION = YES;
				CLANG_WARN_INFINITE_RECURSION = YES;
				CLANG_WARN_INT_CONVERSION = YES;
				CLANG_WARN_OBJC_ROOT_CLASS = YES_ERROR;
				CLANG_WARN_SUSPICIOUS_MOVE = YES;
				CLANG_WARN_UNREACHABLE_CODE = YES;
				CLANG_WARN__DUPLICATE_METHOD_MATCH = YES;
				"CODE_SIGN_IDENTITY[sdk=iphoneos*]" = "iPhone Developer";
				COPY_PHASE_STRIP = NO;
				DEBUG_INFORMATION_FORMAT = dwarf;
				ENABLE_STRICT_OBJC_MSGSEND = YES;
				ENABLE_TESTABILITY = YES;
				GCC_C_LANGUAGE_STANDARD = gnu99;
				GCC_DYNAMIC_NO_PIC = NO;
				GCC_NO_COMMON_BLOCKS = YES;
				GCC_OPTIMIZATION_LEVEL = 0;
				GCC_PREPROCESSOR_DEFINITIONS = (
					"DEBUG=1",
					"$(inherited)",
				);
				GCC_WARN_64_TO_32_BIT_CONVERSION = YES;
				GCC_WARN_ABOUT_RETURN_TYPE = YES_ERROR;
				GCC_WARN_UNDECLARED_SELECTOR = YES;
				GCC_WARN_UNINITIALIZED_AUTOS = YES_AGGRESSIVE;
				GCC_WARN_UNUSED_FUNCTION = YES;
				GCC_WARN_UNUSED_VARIABLE = YES;
				IPHONEOS_DEPLOYMENT_TARGET = 10.2;
				MTL_ENABLE_DEBUG_INFO = YES;
				ONLY_ACTIVE_ARCH = YES;
				SDKROOT = iphoneos;
				SWIFT_ACTIVE_COMPILATION_CONDITIONS = DEBUG;
				SWIFT_OPTIMIZATION_LEVEL = "-Onone";
				TARGETED_DEVICE_FAMILY = "1,2";
			};
			name = Debug;
		};
		C59180281E6B415200BAD62D /* Release */ = {
			isa = XCBuildConfiguration;
			buildSettings = {
				ALWAYS_SEARCH_USER_PATHS = NO;
				CLANG_ANALYZER_NONNULL = YES;
				CLANG_CXX_LANGUAGE_STANDARD = "gnu++0x";
				CLANG_CXX_LIBRARY = "libc++";
				CLANG_ENABLE_MODULES = YES;
				CLANG_ENABLE_OBJC_ARC = YES;
				CLANG_WARN_BOOL_CONVERSION = YES;
				CLANG_WARN_CONSTANT_CONVERSION = YES;
				CLANG_WARN_DIRECT_OBJC_ISA_USAGE = YES_ERROR;
				CLANG_WARN_DOCUMENTATION_COMMENTS = YES;
				CLANG_WARN_EMPTY_BODY = YES;
				CLANG_WARN_ENUM_CONVERSION = YES;
				CLANG_WARN_INFINITE_RECURSION = YES;
				CLANG_WARN_INT_CONVERSION = YES;
				CLANG_WARN_OBJC_ROOT_CLASS = YES_ERROR;
				CLANG_WARN_SUSPICIOUS_MOVE = YES;
				CLANG_WARN_UNREACHABLE_CODE = YES;
				CLANG_WARN__DUPLICATE_METHOD_MATCH = YES;
				"CODE_SIGN_IDENTITY[sdk=iphoneos*]" = "iPhone Developer";
				COPY_PHASE_STRIP = NO;
				DEBUG_INFORMATION_FORMAT = "dwarf-with-dsym";
				ENABLE_NS_ASSERTIONS = NO;
				ENABLE_STRICT_OBJC_MSGSEND = YES;
				GCC_C_LANGUAGE_STANDARD = gnu99;
				GCC_NO_COMMON_BLOCKS = YES;
				GCC_WARN_64_TO_32_BIT_CONVERSION = YES;
				GCC_WARN_ABOUT_RETURN_TYPE = YES_ERROR;
				GCC_WARN_UNDECLARED_SELECTOR = YES;
				GCC_WARN_UNINITIALIZED_AUTOS = YES_AGGRESSIVE;
				GCC_WARN_UNUSED_FUNCTION = YES;
				GCC_WARN_UNUSED_VARIABLE = YES;
				IPHONEOS_DEPLOYMENT_TARGET = 10.2;
				MTL_ENABLE_DEBUG_INFO = NO;
				SDKROOT = iphoneos;
				SWIFT_OPTIMIZATION_LEVEL = "-Owholemodule";
				TARGETED_DEVICE_FAMILY = "1,2";
				VALIDATE_PRODUCT = YES;
			};
			name = Release;
		};
		C591802A1E6B415200BAD62D /* Debug */ = {
			isa = XCBuildConfiguration;
			baseConfigurationReference = 9F62B790CACA2A27951CAA0F /* Pods-MeetTheTeam.debug.xcconfig */;
			buildSettings = {
				ASSETCATALOG_COMPILER_APPICON_NAME = AppIcon;
				DEVELOPMENT_TEAM = EDSHBZ68RZ;
				INFOPLIST_FILE = MeetTheTeam/Info.plist;
				LD_RUNPATH_SEARCH_PATHS = "$(inherited) @executable_path/Frameworks";
				PRODUCT_BUNDLE_IDENTIFIER = com.alex.co.MeetTheTeam;
				PRODUCT_NAME = "$(TARGET_NAME)";
				SWIFT_VERSION = 3.0;
			};
			name = Debug;
		};
		C591802B1E6B415200BAD62D /* Release */ = {
			isa = XCBuildConfiguration;
			baseConfigurationReference = 04D0E4DDB93E452670358CF3 /* Pods-MeetTheTeam.release.xcconfig */;
			buildSettings = {
				ASSETCATALOG_COMPILER_APPICON_NAME = AppIcon;
				DEVELOPMENT_TEAM = EDSHBZ68RZ;
				INFOPLIST_FILE = MeetTheTeam/Info.plist;
				LD_RUNPATH_SEARCH_PATHS = "$(inherited) @executable_path/Frameworks";
				PRODUCT_BUNDLE_IDENTIFIER = com.alex.co.MeetTheTeam;
				PRODUCT_NAME = "$(TARGET_NAME)";
				SWIFT_VERSION = 3.0;
			};
			name = Release;
		};
		C591802D1E6B415200BAD62D /* Debug */ = {
			isa = XCBuildConfiguration;
			baseConfigurationReference = 0F63712A1B60A87E94E79477 /* Pods-MeetTheTeamTests.debug.xcconfig */;
			buildSettings = {
				ALWAYS_EMBED_SWIFT_STANDARD_LIBRARIES = YES;
				BUNDLE_LOADER = "$(TEST_HOST)";
				DEVELOPMENT_TEAM = EDSHBZ68RZ;
				INFOPLIST_FILE = MeetTheTeamTests/Info.plist;
				LD_RUNPATH_SEARCH_PATHS = "$(inherited) @executable_path/Frameworks @loader_path/Frameworks";
				PRODUCT_BUNDLE_IDENTIFIER = com.alex.co.MeetTheTeamTests;
				PRODUCT_NAME = "$(TARGET_NAME)";
				SWIFT_VERSION = 3.0;
				TEST_HOST = "$(BUILT_PRODUCTS_DIR)/MeetTheTeam.app/MeetTheTeam";
			};
			name = Debug;
		};
		C591802E1E6B415200BAD62D /* Release */ = {
			isa = XCBuildConfiguration;
			baseConfigurationReference = EB3B07B9CCE6ED40C095380A /* Pods-MeetTheTeamTests.release.xcconfig */;
			buildSettings = {
				ALWAYS_EMBED_SWIFT_STANDARD_LIBRARIES = YES;
				BUNDLE_LOADER = "$(TEST_HOST)";
				DEVELOPMENT_TEAM = EDSHBZ68RZ;
				INFOPLIST_FILE = MeetTheTeamTests/Info.plist;
				LD_RUNPATH_SEARCH_PATHS = "$(inherited) @executable_path/Frameworks @loader_path/Frameworks";
				PRODUCT_BUNDLE_IDENTIFIER = com.alex.co.MeetTheTeamTests;
				PRODUCT_NAME = "$(TARGET_NAME)";
				SWIFT_VERSION = 3.0;
				TEST_HOST = "$(BUILT_PRODUCTS_DIR)/MeetTheTeam.app/MeetTheTeam";
			};
			name = Release;
		};
		C59180301E6B415200BAD62D /* Debug */ = {
			isa = XCBuildConfiguration;
			baseConfigurationReference = B3194D40770C6ABF7D219D7A /* Pods-MeetTheTeamUITests.debug.xcconfig */;
			buildSettings = {
				ALWAYS_EMBED_SWIFT_STANDARD_LIBRARIES = YES;
				DEVELOPMENT_TEAM = EDSHBZ68RZ;
				INFOPLIST_FILE = MeetTheTeamUITests/Info.plist;
				LD_RUNPATH_SEARCH_PATHS = "$(inherited) @executable_path/Frameworks @loader_path/Frameworks";
				PRODUCT_BUNDLE_IDENTIFIER = com.alex.co.MeetTheTeamUITests;
				PRODUCT_NAME = "$(TARGET_NAME)";
				SWIFT_VERSION = 3.0;
				TEST_TARGET_NAME = MeetTheTeam;
			};
			name = Debug;
		};
		C59180311E6B415200BAD62D /* Release */ = {
			isa = XCBuildConfiguration;
			baseConfigurationReference = 1F004BB3B79E747AE526E7AC /* Pods-MeetTheTeamUITests.release.xcconfig */;
			buildSettings = {
				ALWAYS_EMBED_SWIFT_STANDARD_LIBRARIES = YES;
				DEVELOPMENT_TEAM = EDSHBZ68RZ;
				INFOPLIST_FILE = MeetTheTeamUITests/Info.plist;
				LD_RUNPATH_SEARCH_PATHS = "$(inherited) @executable_path/Frameworks @loader_path/Frameworks";
				PRODUCT_BUNDLE_IDENTIFIER = com.alex.co.MeetTheTeamUITests;
				PRODUCT_NAME = "$(TARGET_NAME)";
				SWIFT_VERSION = 3.0;
				TEST_TARGET_NAME = MeetTheTeam;
			};
			name = Release;
		};
/* End XCBuildConfiguration section */

/* Begin XCConfigurationList section */
		C5917FF91E6B415100BAD62D /* Build configuration list for PBXProject "MeetTheTeam" */ = {
			isa = XCConfigurationList;
			buildConfigurations = (
				C59180271E6B415200BAD62D /* Debug */,
				C59180281E6B415200BAD62D /* Release */,
			);
			defaultConfigurationIsVisible = 0;
			defaultConfigurationName = Release;
		};
		C59180291E6B415200BAD62D /* Build configuration list for PBXNativeTarget "MeetTheTeam" */ = {
			isa = XCConfigurationList;
			buildConfigurations = (
				C591802A1E6B415200BAD62D /* Debug */,
				C591802B1E6B415200BAD62D /* Release */,
			);
			defaultConfigurationIsVisible = 0;
			defaultConfigurationName = Release;
		};
		C591802C1E6B415200BAD62D /* Build configuration list for PBXNativeTarget "MeetTheTeamTests" */ = {
			isa = XCConfigurationList;
			buildConfigurations = (
				C591802D1E6B415200BAD62D /* Debug */,
				C591802E1E6B415200BAD62D /* Release */,
			);
			defaultConfigurationIsVisible = 0;
			defaultConfigurationName = Release;
		};
		C591802F1E6B415200BAD62D /* Build configuration list for PBXNativeTarget "MeetTheTeamUITests" */ = {
			isa = XCConfigurationList;
			buildConfigurations = (
				C59180301E6B415200BAD62D /* Debug */,
				C59180311E6B415200BAD62D /* Release */,
			);
			defaultConfigurationIsVisible = 0;
			defaultConfigurationName = Release;
		};
/* End XCConfigurationList section */

/* Begin XCVersionGroup section */
		C59180081E6B415200BAD62D /* MeetTheTeam.xcdatamodeld */ = {
			isa = XCVersionGroup;
			children = (
				C59180091E6B415200BAD62D /* MeetTheTeam.xcdatamodel */,
			);
			currentVersion = C59180091E6B415200BAD62D /* MeetTheTeam.xcdatamodel */;
			path = MeetTheTeam.xcdatamodeld;
			sourceTree = "<group>";
			versionGroupType = wrapper.xcdatamodel;
		};
/* End XCVersionGroup section */
	};
	rootObject = C5917FF61E6B415100BAD62D /* Project object */;
}
